
Microsoft Visual Studio Solution File, Format Version 12.00
# Visual Studio 15
VisualStudioVersion = 15.0.28307.438
MinimumVisualStudioVersion = 10.0.40219.1
Project("{8BC9CEB8-8B4A-11D0-8D11-00A0C91BC942}") = "EvolutionaryAlgorithm", "EvolutionaryAlgorithm\EvolutionaryAlgorithm.vcxproj", "{93EEDF7D-E4A2-4655-9FB4-A3EB34664593}"
EndProject
Project("{8BC9CEB8-8B4A-11D0-8D11-00A0C91BC942}") = "WingDesign", "WingDesign\WingDesign.vcxproj", "{1F3891A5-964F-4421-BF16-9BD82F0F9EDA}"
EndProject
Global
	GlobalSection(SolutionConfigurationPlatforms) = preSolution
		Debug|x64 = Debug|x64
		Debug|x86 = Debug|x86
		Release|x64 = Release|x64
		Release|x86 = Release|x86
	EndGlobalSection
	GlobalSection(ProjectConfigurationPlatforms) = postSolution
		{93EEDF7D-E4A2-4655-9FB4-A3EB34664593}.Debug|x64.ActiveCfg = Debug|x64
		{93EEDF7D-E4A2-4655-9FB4-A3EB34664593}.Debug|x64.Build.0 = Debug|x64
		{93EEDF7D-E4A2-4655-9FB4-A3EB34664593}.Debug|x86.ActiveCfg = Debug|Win32
		{93EEDF7D-E4A2-4655-9FB4-A3EB34664593}.Debug|x86.Build.0 = Debug|Win32
		{93EEDF7D-E4A2-4655-9FB4-A3EB34664593}.Release|x64.ActiveCfg = Release|x64
		{93EEDF7D-E4A2-4655-9FB4-A3EB34664593}.Release|x64.Build.0 = Release|x64
		{93EEDF7D-E4A2-4655-9FB4-A3EB34664593}.Release|x86.ActiveCfg = Release|Win32
		{93EEDF7D-E4A2-4655-9FB4-A3EB34664593}.Release|x86.Build.0 = Release|Win32
		{1F3891A5-964F-4421-BF16-9BD82F0F9EDA}.Debug|x64.ActiveCfg = Debug|x64
		{1F3891A5-964F-4421-BF16-9BD82F0F9EDA}.Debug|x64.Build.0 = Debug|x64
		{1F3891A5-964F-4421-BF16-9BD82F0F9EDA}.Debug|x86.ActiveCfg = Debug|Win32
		{1F3891A5-964F-4421-BF16-9BD82F0F9EDA}.Debug|x86.Build.0 = Debug|Win32
		{1F3891A5-964F-4421-BF16-9BD82F0F9EDA}.Release|x64.ActiveCfg = Release|x64
		{1F3891A5-964F-4421-BF16-9BD82F0F9EDA}.Release|x64.Build.0 = Release|x64
		{1F3891A5-964F-4421-BF16-9BD82F0F9EDA}.Release|x86.ActiveCfg = Release|Win32
		{1F3891A5-964F-4421-BF16-9BD82F0F9EDA}.Release|x86.Build.0 = Release|Win32
	EndGlobalSection
	GlobalSection(SolutionProperties) = preSolution
		HideSolutionNode = FALSE
	EndGlobalSection
	GlobalSection(ExtensibilityGlobals) = postSolution
		SolutionGuid = {01A3EEF2-F508-4A87-B424-38BDFD80E5A2}
	EndGlobalSection
EndGlobal
